
Microsoft Visual Studio Solution File, Format Version 12.00
# Visual Studio Version 17
VisualStudioVersion = 17.6.33801.468
MinimumVisualStudioVersion = 10.0.40219.1
Project("{FAE04EC0-301F-11D3-BF4B-00C04F79EFBC}") = "LCAPI", "LCAPI.csproj", "{918D390E-537A-41C7-A332-58E9C4F167CA}"
EndProject
Global
	GlobalSection(SolutionConfigurationPlatforms) = preSolution
		Debug|Any CPU = Debug|Any CPU
		Release|Any CPU = Release|Any CPU
	EndGlobalSection
	GlobalSection(ProjectConfigurationPlatforms) = postSolution
		{918D390E-537A-41C7-A332-58E9C4F167CA}.Debug|Any CPU.ActiveCfg = Debug|Any CPU
		{918D390E-537A-41C7-A332-58E9C4F167CA}.Debug|Any CPU.Build.0 = Debug|Any CPU
		{918D390E-537A-41C7-A332-58E9C4F167CA}.Release|Any CPU.ActiveCfg = Release|Any CPU
		{918D390E-537A-41C7-A332-58E9C4F167CA}.Release|Any CPU.Build.0 = Release|Any CPU
	EndGlobalSection
	GlobalSection(SolutionProperties) = preSolution
		HideSolutionNode = FALSE
	EndGlobalSection
	GlobalSection(ExtensibilityGlobals) = postSolution
		SolutionGuid = {81F5D6EB-A891-4BAC-A4DB-10112062C93F}
	EndGlobalSection
EndGlobal
