
Microsoft Visual Studio Solution File, Format Version 12.00
# Visual Studio Version 17
VisualStudioVersion = 17.6.33801.468
MinimumVisualStudioVersion = 10.0.40219.1
Project("{9A19103F-16F7-4668-BE54-9A1E7A4F7556}") = "LCASP", "LCASP.csproj", "{87DE776A-7779-42B9-A0B3-4708DF57C2AE}"
EndProject
Global
	GlobalSection(SolutionConfigurationPlatforms) = preSolution
		Debug|Any CPU = Debug|Any CPU
		Release|Any CPU = Release|Any CPU
	EndGlobalSection
	GlobalSection(ProjectConfigurationPlatforms) = postSolution
		{87DE776A-7779-42B9-A0B3-4708DF57C2AE}.Debug|Any CPU.ActiveCfg = Debug|Any CPU
		{87DE776A-7779-42B9-A0B3-4708DF57C2AE}.Debug|Any CPU.Build.0 = Debug|Any CPU
		{87DE776A-7779-42B9-A0B3-4708DF57C2AE}.Release|Any CPU.ActiveCfg = Release|Any CPU
		{87DE776A-7779-42B9-A0B3-4708DF57C2AE}.Release|Any CPU.Build.0 = Release|Any CPU
	EndGlobalSection
	GlobalSection(SolutionProperties) = preSolution
		HideSolutionNode = FALSE
	EndGlobalSection
	GlobalSection(ExtensibilityGlobals) = postSolution
		SolutionGuid = {6FA1FC26-3362-4850-8A2C-17A2CD3CD142}
	EndGlobalSection
EndGlobal
